// !$*UTF8*$!
{
	archiveVersion = 1;
	classes = {
	};
	objectVersion = 77;
	objects = {

/* Begin PBXBuildFile section */
		A27000000000000000000009 /* PreviewViewController.swift in Sources */ = {isa = PBXBuildFile; fileRef = A27000000000000000000005 /* PreviewViewController.swift */; };
		A2700000000000000000000A /* NFOPreviewDocument.swift in Sources */ = {isa = PBXBuildFile; fileRef = A27000000000000000000006 /* NFOPreviewDocument.swift */; };
		A2700000000000000000000B /* MovieInfoEdit/Localizable.xcstrings in Resources */ = {isa = PBXBuildFile; fileRef = A27000000000000000000008 /* MovieInfoEdit/Localizable.xcstrings */; };
		A27000000000000000000013 /* NFOQuickLook.appex in Embed App Extensions */ = {isa = PBXBuildFile; fileRef = A27000000000000000000002 /* NFOQuickLook.appex */; settings = {ATTRIBUTES = (RemoveHeadersOnCopy, ); }; };
		A27200000000000000000001 /* ContentView.swift in Sources */ = {isa = PBXBuildFile; fileRef = A27100000000000000000001 /* ContentView.swift */; };
		A27200000000000000000002 /* LibraryReview.swift in Sources */ = {isa = PBXBuildFile; fileRef = A27100000000000000000002 /* LibraryReview.swift */; };
		A27200000000000000000003 /* LibraryReviewState.swift in Sources */ = {isa = PBXBuildFile; fileRef = A27100000000000000000003 /* LibraryReviewState.swift */; };
		A27200000000000000000004 /* MediaFiles.swift in Sources */ = {isa = PBXBuildFile; fileRef = A27100000000000000000004 /* MediaFiles.swift */; };
		A27200000000000000000005 /* Models.swift in Sources */ = {isa = PBXBuildFile; fileRef = A27100000000000000000005 /* Models.swift */; };
		A27200000000000000000006 /* MovieInfoEditApp.swift in Sources */ = {isa = PBXBuildFile; fileRef = A27100000000000000000006 /* MovieInfoEditApp.swift */; };
		A27200000000000000000007 /* NFOStore.swift in Sources */ = {isa = PBXBuildFile; fileRef = A27100000000000000000007 /* NFOStore.swift */; };
		A27200000000000000000008 /* ScopedQuickLook.swift in Sources */ = {isa = PBXBuildFile; fileRef = A27100000000000000000008 /* ScopedQuickLook.swift */; };
		A27200000000000000000009 /* SessionState.swift in Sources */ = {isa = PBXBuildFile; fileRef = A27100000000000000000009 /* SessionState.swift */; };
		A2720000000000000000000A /* SessionStore.swift in Sources */ = {isa = PBXBuildFile; fileRef = A2710000000000000000000A /* SessionStore.swift */; };
		A2720000000000000000000B /* WritePlan.swift in Sources */ = {isa = PBXBuildFile; fileRef = A2710000000000000000000B /* WritePlan.swift */; };
		A2720000000000000000000C /* WriteReviewViews.swift in Sources */ = {isa = PBXBuildFile; fileRef = A2710000000000000000000C /* WriteReviewViews.swift */; };
		A2720000000000000000000D /* Assets.xcassets in Resources */ = {isa = PBXBuildFile; fileRef = A2710000000000000000000D /* Assets.xcassets */; };
		A2720000000000000000000E /* Localizable.xcstrings in Resources */ = {isa = PBXBuildFile; fileRef = A2710000000000000000000E /* Localizable.xcstrings */; };
/* End PBXBuildFile section */

/* Begin PBXContainerItemProxy section */
		A27000000000000000000014 /* PBXContainerItemProxy */ = {
			isa = PBXContainerItemProxy;
			containerPortal = 97941EFA2F8BF9B900BA1496 /* Project object */;
			proxyType = 1;
			remoteGlobalIDString = A27000000000000000000001;
			remoteInfo = NFOQuickLook;
		};
/* End PBXContainerItemProxy section */

/* Begin PBXCopyFilesBuildPhase section */
		A27000000000000000000012 /* Embed App Extensions */ = {
			isa = PBXCopyFilesBuildPhase;
			buildActionMask = 2147483647;
			dstPath = "";
			dstSubfolderSpec = 13;
			files = (
				A27000000000000000000013 /* NFOQuickLook.appex in Embed App Extensions */,
			);
			name = "Embed App Extensions";
			runOnlyForDeploymentPostprocessing = 0;
		};
/* End PBXCopyFilesBuildPhase section */

/* Begin PBXFileReference section */
		97941F022F8BF9B900BA1496 /* MovieInfoEdit.app */ = {isa = PBXFileReference; explicitFileType = wrapper.application; includeInIndex = 0; path = MovieInfoEdit.app; sourceTree = BUILT_PRODUCTS_DIR; };
		A27000000000000000000002 /* NFOQuickLook.appex */ = {isa = PBXFileReference; explicitFileType = "wrapper.app-extension"; includeInIndex = 0; path = NFOQuickLook.appex; sourceTree = BUILT_PRODUCTS_DIR; };
		A27000000000000000000004 /* Info.plist */ = {isa = PBXFileReference; lastKnownFileType = text.plist.xml; path = Info.plist; sourceTree = "<group>"; };
		A27000000000000000000005 /* PreviewViewController.swift */ = {isa = PBXFileReference; lastKnownFileType = sourcecode.swift; path = PreviewViewController.swift; sourceTree = "<group>"; };
		A27000000000000000000006 /* NFOPreviewDocument.swift */ = {isa = PBXFileReference; lastKnownFileType = sourcecode.swift; path = NFOPreviewDocument.swift; sourceTree = "<group>"; };
		A27000000000000000000008 /* MovieInfoEdit/Localizable.xcstrings */ = {isa = PBXFileReference; lastKnownFileType = text.json.xcstrings; path = MovieInfoEdit/Localizable.xcstrings; sourceTree = SOURCE_ROOT; };
		A27000000000000000000016 /* NFOQuickLook.entitlements */ = {isa = PBXFileReference; lastKnownFileType = text.plist.entitlements; path = NFOQuickLook.entitlements; sourceTree = "<group>"; };
		A27100000000000000000001 /* ContentView.swift */ = {isa = PBXFileReference; lastKnownFileType = sourcecode.swift; path = ContentView.swift; sourceTree = "<group>"; };
		A27100000000000000000002 /* LibraryReview.swift */ = {isa = PBXFileReference; lastKnownFileType = sourcecode.swift; path = LibraryReview.swift; sourceTree = "<group>"; };
		A27100000000000000000003 /* LibraryReviewState.swift */ = {isa = PBXFileReference; lastKnownFileType = sourcecode.swift; path = LibraryReviewState.swift; sourceTree = "<group>"; };
		A27100000000000000000004 /* MediaFiles.swift */ = {isa = PBXFileReference; lastKnownFileType = sourcecode.swift; path = MediaFiles.swift; sourceTree = "<group>"; };
		A27100000000000000000005 /* Models.swift */ = {isa = PBXFileReference; lastKnownFileType = sourcecode.swift; path = Models.swift; sourceTree = "<group>"; };
		A27100000000000000000006 /* MovieInfoEditApp.swift */ = {isa = PBXFileReference; lastKnownFileType = sourcecode.swift; path = MovieInfoEditApp.swift; sourceTree = "<group>"; };
		A27100000000000000000007 /* NFOStore.swift */ = {isa = PBXFileReference; lastKnownFileType = sourcecode.swift; path = NFOStore.swift; sourceTree = "<group>"; };
		A27100000000000000000008 /* ScopedQuickLook.swift */ = {isa = PBXFileReference; lastKnownFileType = sourcecode.swift; path = ScopedQuickLook.swift; sourceTree = "<group>"; };
		A27100000000000000000009 /* SessionState.swift */ = {isa = PBXFileReference; lastKnownFileType = sourcecode.swift; path = SessionState.swift; sourceTree = "<group>"; };
		A2710000000000000000000A /* SessionStore.swift */ = {isa = PBXFileReference; lastKnownFileType = sourcecode.swift; path = SessionStore.swift; sourceTree = "<group>"; };
		A2710000000000000000000B /* WritePlan.swift */ = {isa = PBXFileReference; lastKnownFileType = sourcecode.swift; path = WritePlan.swift; sourceTree = "<group>"; };
		A2710000000000000000000C /* WriteReviewViews.swift */ = {isa = PBXFileReference; lastKnownFileType = sourcecode.swift; path = WriteReviewViews.swift; sourceTree = "<group>"; };
		A2710000000000000000000D /* Assets.xcassets */ = {isa = PBXFileReference; lastKnownFileType = folder.assetcatalog; path = Assets.xcassets; sourceTree = "<group>"; };
		A2710000000000000000000E /* Localizable.xcstrings */ = {isa = PBXFileReference; lastKnownFileType = text.json.xcstrings; path = Localizable.xcstrings; sourceTree = "<group>"; };
		A2710000000000000000000F /* Info.plist */ = {isa = PBXFileReference; lastKnownFileType = text.plist.xml; path = Info.plist; sourceTree = "<group>"; };
		A27100000000000000000010 /* MovieInfoEdit.entitlements */ = {isa = PBXFileReference; lastKnownFileType = text.plist.entitlements; path = MovieInfoEdit.entitlements; sourceTree = "<group>"; };
		A27100000000000000000011 /* MovieInfoEditDebug.entitlements */ = {isa = PBXFileReference; lastKnownFileType = text.plist.entitlements; path = MovieInfoEditDebug.entitlements; sourceTree = "<group>"; };
/* End PBXFileReference section */



/* Begin PBXFrameworksBuildPhase section */
		97941EFF2F8BF9B900BA1496 /* Frameworks */ = {
			isa = PBXFrameworksBuildPhase;
			buildActionMask = 2147483647;
			files = (
			);
			runOnlyForDeploymentPostprocessing = 0;
		};
		A2700000000000000000000E /* Frameworks */ = {
			isa = PBXFrameworksBuildPhase;
			buildActionMask = 2147483647;
			files = (
			);
			runOnlyForDeploymentPostprocessing = 0;
		};
/* End PBXFrameworksBuildPhase section */

/* Begin PBXGroup section */
		97941F042F8BF9B900BA1496 /* MovieInfoEdit */ = {
			isa = PBXGroup;
			children = (
				A27100000000000000000001 /* ContentView.swift */,
				A27100000000000000000002 /* LibraryReview.swift */,
				A27100000000000000000003 /* LibraryReviewState.swift */,
				A27100000000000000000004 /* MediaFiles.swift */,
				A27100000000000000000005 /* Models.swift */,
				A27100000000000000000006 /* MovieInfoEditApp.swift */,
				A27100000000000000000007 /* NFOStore.swift */,
				A27100000000000000000008 /* ScopedQuickLook.swift */,
				A27100000000000000000009 /* SessionState.swift */,
				A2710000000000000000000A /* SessionStore.swift */,
				A2710000000000000000000B /* WritePlan.swift */,
				A2710000000000000000000C /* WriteReviewViews.swift */,
				A2710000000000000000000D /* Assets.xcassets */,
				A2710000000000000000000E /* Localizable.xcstrings */,
				A2710000000000000000000F /* Info.plist */,
				A27100000000000000000010 /* MovieInfoEdit.entitlements */,
				A27100000000000000000011 /* MovieInfoEditDebug.entitlements */,
			);
			path = MovieInfoEdit;
			sourceTree = "<group>";
		};

		97941EF92F8BF9B900BA1496 = {
			isa = PBXGroup;
			children = (
				97941F042F8BF9B900BA1496 /* MovieInfoEdit */,
				A27000000000000000000003 /* NFOQuickLook */,
				A27000000000000000000007 /* Shared */,
				97941F032F8BF9B900BA1496 /* Products */,
			);
			sourceTree = "<group>";
		};
		97941F032F8BF9B900BA1496 /* Products */ = {
			isa = PBXGroup;
			children = (
				97941F022F8BF9B900BA1496 /* MovieInfoEdit.app */,
				A27000000000000000000002 /* NFOQuickLook.appex */,
			);
			name = Products;
			sourceTree = "<group>";
		};
		A27000000000000000000003 /* NFOQuickLook */ = {
			isa = PBXGroup;
			children = (
				A27000000000000000000005 /* PreviewViewController.swift */,
				A27000000000000000000004 /* Info.plist */,
				A27000000000000000000016 /* NFOQuickLook.entitlements */,
				A27000000000000000000008 /* MovieInfoEdit/Localizable.xcstrings */,
			);
			path = NFOQuickLook;
			sourceTree = "<group>";
		};
		A27000000000000000000007 /* Shared */ = {
			isa = PBXGroup;
			children = (
				A27000000000000000000006 /* NFOPreviewDocument.swift */,
			);
			path = Shared;
			sourceTree = "<group>";
		};
/* End PBXGroup section */

/* Begin PBXNativeTarget section */
		97941F012F8BF9B900BA1496 /* MovieInfoEdit */ = {
			isa = PBXNativeTarget;
			buildConfigurationList = 97941F0D2F8BF9BA00BA1496 /* Build configuration list for PBXNativeTarget "MovieInfoEdit" */;
			buildPhases = (
				97941EFE2F8BF9B900BA1496 /* Sources */,
				97941EFF2F8BF9B900BA1496 /* Frameworks */,
				97941F002F8BF9B900BA1496 /* Resources */,
				A27000000000000000000012 /* Embed App Extensions */,
			);
			buildRules = (
			);
			dependencies = (
				A27000000000000000000015 /* PBXTargetDependency */,
			);
			name = MovieInfoEdit;
			packageProductDependencies = (
			);
			productName = Batch_NFO_files;
			productReference = 97941F022F8BF9B900BA1496 /* MovieInfoEdit.app */;
			productType = "com.apple.product-type.application";
		};
		A27000000000000000000001 /* NFOQuickLook */ = {
			isa = PBXNativeTarget;
			buildConfigurationList = A2700000000000000000000F /* Build configuration list for PBXNativeTarget "NFOQuickLook" */;
			buildPhases = (
				A2700000000000000000000C /* Sources */,
				A2700000000000000000000E /* Frameworks */,
				A2700000000000000000000D /* Resources */,
			);
			buildRules = (
			);
			dependencies = (
			);
			name = NFOQuickLook;
			productName = NFOQuickLook;
			productReference = A27000000000000000000002 /* NFOQuickLook.appex */;
			productType = "com.apple.product-type.app-extension";
		};
/* End PBXNativeTarget section */

/* Begin PBXProject section */
		97941EFA2F8BF9B900BA1496 /* Project object */ = {
			isa = PBXProject;
			attributes = {
				BuildIndependentTargetsInParallel = 1;
				LastSwiftUpdateCheck = 2700;
				LastUpgradeCheck = 2700;
				TargetAttributes = {
					97941F012F8BF9B900BA1496 = {
						CreatedOnToolsVersion = 26.4;
					};
				};
			};
			buildConfigurationList = 97941EFD2F8BF9B900BA1496 /* Build configuration list for PBXProject "MovieInfoEdit" */;
			developmentRegion = en;
			hasScannedForEncodings = 0;
			knownRegions = (
				en,
				Base,
				"zh-Hans",
				"zh-Hant",
				fr,
				ja,
			);
			mainGroup = 97941EF92F8BF9B900BA1496;
			minimizedProjectReferenceProxies = 1;
			preferredProjectObjectVersion = 77;
			productRefGroup = 97941F032F8BF9B900BA1496 /* Products */;
			projectDirPath = "";
			projectRoot = "";
			targets = (
				97941F012F8BF9B900BA1496 /* MovieInfoEdit */,
				A27000000000000000000001 /* NFOQuickLook */,
			);
		};
/* End PBXProject section */

/* Begin PBXResourcesBuildPhase section */
		97941F002F8BF9B900BA1496 /* Resources */ = {
			isa = PBXResourcesBuildPhase;
			buildActionMask = 2147483647;
			files = (
				A2720000000000000000000D /* Assets.xcassets */,
				A2720000000000000000000E /* Localizable.xcstrings */,
			);
			runOnlyForDeploymentPostprocessing = 0;
		};
		A2700000000000000000000D /* Resources */ = {
			isa = PBXResourcesBuildPhase;
			buildActionMask = 2147483647;
			files = (
				A2700000000000000000000B /* MovieInfoEdit/Localizable.xcstrings in Resources */,
			);
			runOnlyForDeploymentPostprocessing = 0;
		};
/* End PBXResourcesBuildPhase section */

/* Begin PBXSourcesBuildPhase section */
		97941EFE2F8BF9B900BA1496 /* Sources */ = {
			isa = PBXSourcesBuildPhase;
			buildActionMask = 2147483647;
			files = (
				A27200000000000000000001 /* ContentView.swift */,
				A27200000000000000000002 /* LibraryReview.swift */,
				A27200000000000000000003 /* LibraryReviewState.swift */,
				A27200000000000000000004 /* MediaFiles.swift */,
				A27200000000000000000005 /* Models.swift */,
				A27200000000000000000006 /* MovieInfoEditApp.swift */,
				A27200000000000000000007 /* NFOStore.swift */,
				A27200000000000000000008 /* ScopedQuickLook.swift */,
				A27200000000000000000009 /* SessionState.swift */,
				A2720000000000000000000A /* SessionStore.swift */,
				A2720000000000000000000B /* WritePlan.swift */,
				A2720000000000000000000C /* WriteReviewViews.swift */,
			);
			runOnlyForDeploymentPostprocessing = 0;
		};
		A2700000000000000000000C /* Sources */ = {
			isa = PBXSourcesBuildPhase;
			buildActionMask = 2147483647;
			files = (
				A27000000000000000000009 /* PreviewViewController.swift in Sources */,
				A2700000000000000000000A /* NFOPreviewDocument.swift in Sources */,
			);
			runOnlyForDeploymentPostprocessing = 0;
		};
/* End PBXSourcesBuildPhase section */

/* Begin PBXTargetDependency section */
		A27000000000000000000015 /* PBXTargetDependency */ = {
			isa = PBXTargetDependency;
			target = A27000000000000000000001 /* NFOQuickLook */;
			targetProxy = A27000000000000000000014 /* PBXContainerItemProxy */;
		};
/* End PBXTargetDependency section */

/* Begin XCBuildConfiguration section */
		97941F0B2F8BF9BA00BA1496 /* Debug */ = {
			isa = XCBuildConfiguration;
			buildSettings = {
				ALWAYS_SEARCH_USER_PATHS = NO;
				ASSETCATALOG_COMPILER_GENERATE_SWIFT_ASSET_SYMBOL_EXTENSIONS = YES;
				CLANG_ANALYZER_NONNULL = YES;
				CLANG_ANALYZER_NUMBER_OBJECT_CONVERSION = YES_AGGRESSIVE;
				CLANG_CXX_LANGUAGE_STANDARD = "gnu++20";
				CLANG_ENABLE_MODULES = YES;
				CLANG_ENABLE_OBJC_ARC = YES;
				CLANG_ENABLE_OBJC_WEAK = YES;
				CLANG_WARN_BLOCK_CAPTURE_AUTORELEASING = YES;
				CLANG_WARN_BOOL_CONVERSION = YES;
				CLANG_WARN_COMMA = YES;
				CLANG_WARN_CONSTANT_CONVERSION = YES;
				CLANG_WARN_DEPRECATED_OBJC_IMPLEMENTATIONS = YES;
				CLANG_WARN_DIRECT_OBJC_ISA_USAGE = YES_ERROR;
				CLANG_WARN_DOCUMENTATION_COMMENTS = YES;
				CLANG_WARN_EMPTY_BODY = YES;
				CLANG_WARN_ENUM_CONVERSION = YES;
				CLANG_WARN_INFINITE_RECURSION = YES;
				CLANG_WARN_INT_CONVERSION = YES;
				CLANG_WARN_NON_LITERAL_NULL_CONVERSION = YES;
				CLANG_WARN_OBJC_IMPLICIT_RETAIN_SELF = YES;
				CLANG_WARN_OBJC_LITERAL_CONVERSION = YES;
				CLANG_WARN_OBJC_ROOT_CLASS = YES_ERROR;
				CLANG_WARN_QUOTED_INCLUDE_IN_FRAMEWORK_HEADER = YES;
				CLANG_WARN_RANGE_LOOP_ANALYSIS = YES;
				CLANG_WARN_STRICT_PROTOTYPES = YES;
				CLANG_WARN_SUSPICIOUS_MOVE = YES;
				CLANG_WARN_UNGUARDED_AVAILABILITY = YES_AGGRESSIVE;
				CLANG_WARN_UNREACHABLE_CODE = YES;
				CLANG_WARN__DUPLICATE_METHOD_MATCH = YES;
				COPY_PHASE_STRIP = NO;
				DEBUG_INFORMATION_FORMAT = dwarf;
				DEVELOPMENT_TEAM = L3B55KYTVT;
				ENABLE_STRICT_OBJC_MSGSEND = YES;
				ENABLE_TESTABILITY = YES;
				ENABLE_USER_SCRIPT_SANDBOXING = YES;
				GCC_C_LANGUAGE_STANDARD = gnu17;
				GCC_DYNAMIC_NO_PIC = NO;
				GCC_NO_COMMON_BLOCKS = YES;
				GCC_OPTIMIZATION_LEVEL = 0;
				GCC_PREPROCESSOR_DEFINITIONS = (
					"DEBUG=1",
					"$(inherited)",
				);
				GCC_WARN_64_TO_32_BIT_CONVERSION = YES;
				GCC_WARN_ABOUT_RETURN_TYPE = YES_ERROR;
				GCC_WARN_UNDECLARED_SELECTOR = YES;
				GCC_WARN_UNINITIALIZED_AUTOS = YES_AGGRESSIVE;
				GCC_WARN_UNUSED_FUNCTION = YES;
				GCC_WARN_UNUSED_VARIABLE = YES;
				LOCALIZATION_PREFERS_STRING_CATALOGS = YES;
				MACOSX_DEPLOYMENT_TARGET = 26.0;
				MTL_ENABLE_DEBUG_INFO = INCLUDE_SOURCE;
				MTL_FAST_MATH = YES;
				ONLY_ACTIVE_ARCH = YES;
				SDKROOT = macosx;
				SWIFT_ACTIVE_COMPILATION_CONDITIONS = "DEBUG $(inherited)";
				SWIFT_OPTIMIZATION_LEVEL = "-Onone";
			};
			name = Debug;
		};
		97941F0C2F8BF9BA00BA1496 /* Release */ = {
			isa = XCBuildConfiguration;
			buildSettings = {
				ALWAYS_SEARCH_USER_PATHS = NO;
				ASSETCATALOG_COMPILER_GENERATE_SWIFT_ASSET_SYMBOL_EXTENSIONS = YES;
				CLANG_ANALYZER_NONNULL = YES;
				CLANG_ANALYZER_NUMBER_OBJECT_CONVERSION = YES_AGGRESSIVE;
				CLANG_CXX_LANGUAGE_STANDARD = "gnu++20";
				CLANG_ENABLE_MODULES = YES;
				CLANG_ENABLE_OBJC_ARC = YES;
				CLANG_ENABLE_OBJC_WEAK = YES;
				CLANG_WARN_BLOCK_CAPTURE_AUTORELEASING = YES;
				CLANG_WARN_BOOL_CONVERSION = YES;
				CLANG_WARN_COMMA = YES;
				CLANG_WARN_CONSTANT_CONVERSION = YES;
				CLANG_WARN_DEPRECATED_OBJC_IMPLEMENTATIONS = YES;
				CLANG_WARN_DIRECT_OBJC_ISA_USAGE = YES_ERROR;
				CLANG_WARN_DOCUMENTATION_COMMENTS = YES;
				CLANG_WARN_EMPTY_BODY = YES;
				CLANG_WARN_ENUM_CONVERSION = YES;
				CLANG_WARN_INFINITE_RECURSION = YES;
				CLANG_WARN_INT_CONVERSION = YES;
				CLANG_WARN_NON_LITERAL_NULL_CONVERSION = YES;
				CLANG_WARN_OBJC_IMPLICIT_RETAIN_SELF = YES;
				CLANG_WARN_OBJC_LITERAL_CONVERSION = YES;
				CLANG_WARN_OBJC_ROOT_CLASS = YES_ERROR;
				CLANG_WARN_QUOTED_INCLUDE_IN_FRAMEWORK_HEADER = YES;
				CLANG_WARN_RANGE_LOOP_ANALYSIS = YES;
				CLANG_WARN_STRICT_PROTOTYPES = YES;
				CLANG_WARN_SUSPICIOUS_MOVE = YES;
				CLANG_WARN_UNGUARDED_AVAILABILITY = YES_AGGRESSIVE;
				CLANG_WARN_UNREACHABLE_CODE = YES;
				CLANG_WARN__DUPLICATE_METHOD_MATCH = YES;
				COPY_PHASE_STRIP = NO;
				DEBUG_INFORMATION_FORMAT = "dwarf-with-dsym";
				DEVELOPMENT_TEAM = L3B55KYTVT;
				ENABLE_NS_ASSERTIONS = NO;
				ENABLE_STRICT_OBJC_MSGSEND = YES;
				ENABLE_USER_SCRIPT_SANDBOXING = YES;
				GCC_C_LANGUAGE_STANDARD = gnu17;
				GCC_NO_COMMON_BLOCKS = YES;
				GCC_WARN_64_TO_32_BIT_CONVERSION = YES;
				GCC_WARN_ABOUT_RETURN_TYPE = YES_ERROR;
				GCC_WARN_UNDECLARED_SELECTOR = YES;
				GCC_WARN_UNINITIALIZED_AUTOS = YES_AGGRESSIVE;
				GCC_WARN_UNUSED_FUNCTION = YES;
				GCC_WARN_UNUSED_VARIABLE = YES;
				LOCALIZATION_PREFERS_STRING_CATALOGS = YES;
				MACOSX_DEPLOYMENT_TARGET = 26.0;
				MTL_ENABLE_DEBUG_INFO = NO;
				MTL_FAST_MATH = YES;
				SDKROOT = macosx;
				SWIFT_COMPILATION_MODE = wholemodule;
			};
			name = Release;
		};
		97941F0E2F8BF9BA00BA1496 /* Debug */ = {
			isa = XCBuildConfiguration;
			buildSettings = {
				ASSETCATALOG_COMPILER_APPICON_NAME = AppIcon;
				ASSETCATALOG_COMPILER_GLOBAL_ACCENT_COLOR_NAME = AccentColor;
				ASSETCATALOG_COMPILER_INCLUDE_ALL_APPICON_ASSETS = YES;
				CODE_SIGN_ENTITLEMENTS = MovieInfoEdit/MovieInfoEditDebug.entitlements;
				CODE_SIGN_STYLE = Automatic;
				COMBINE_HIDPI_IMAGES = YES;
				CURRENT_PROJECT_VERSION = 7;
				DEVELOPMENT_TEAM = L3B55KYTVT;
				ENABLE_APP_SANDBOX = YES;
				ENABLE_FILE_ACCESS_DOWNLOADS_FOLDER = readwrite;
				ENABLE_FILE_ACCESS_MOVIES_FOLDER = readwrite;
				ENABLE_FILE_ACCESS_MUSIC_FOLDER = readwrite;
				ENABLE_FILE_ACCESS_PICTURE_FOLDER = readwrite;
				ENABLE_HARDENED_RUNTIME = YES;
				ENABLE_INCOMING_NETWORK_CONNECTIONS = NO;
				ENABLE_OUTGOING_NETWORK_CONNECTIONS = NO;
				ENABLE_PREVIEWS = YES;
				ENABLE_RESOURCE_ACCESS_AUDIO_INPUT = NO;
				ENABLE_RESOURCE_ACCESS_BLUETOOTH = NO;
				ENABLE_RESOURCE_ACCESS_CALENDARS = NO;
				ENABLE_RESOURCE_ACCESS_CAMERA = NO;
				ENABLE_RESOURCE_ACCESS_CONTACTS = NO;
				ENABLE_RESOURCE_ACCESS_LOCATION = NO;
				ENABLE_RESOURCE_ACCESS_PRINTING = NO;
				ENABLE_RESOURCE_ACCESS_USB = NO;
				ENABLE_USER_SELECTED_FILES = readwrite;
				GENERATE_INFOPLIST_FILE = YES;
				INFOPLIST_FILE = MovieInfoEdit/Info.plist;
				INFOPLIST_KEY_CFBundleDisplayName = MovieInfoEdit;
				INFOPLIST_KEY_LSApplicationCategoryType = "public.app-category.video";
				INFOPLIST_KEY_NSHumanReadableCopyright = "";
				LD_RUNPATH_SEARCH_PATHS = (
					"$(inherited)",
					"@executable_path/../Frameworks",
				);
				MACOSX_DEPLOYMENT_TARGET = 26.0;
				MARKETING_VERSION = 1.0;
				PRODUCT_BUNDLE_IDENTIFIER = "August-K.MovieInfoEdit";
				PRODUCT_NAME = "$(TARGET_NAME)";
				REGISTER_APP_GROUPS = YES;
				STRING_CATALOG_GENERATE_SYMBOLS = YES;
				SWIFT_APPROACHABLE_CONCURRENCY = YES;
				SWIFT_DEFAULT_ACTOR_ISOLATION = MainActor;
				SWIFT_EMIT_LOC_STRINGS = YES;
				SWIFT_UPCOMING_FEATURE_MEMBER_IMPORT_VISIBILITY = YES;
				SWIFT_VERSION = 6.0;
			};
			name = Debug;
		};
		97941F0F2F8BF9BA00BA1496 /* Release */ = {
			isa = XCBuildConfiguration;
			buildSettings = {
				ASSETCATALOG_COMPILER_APPICON_NAME = AppIcon;
				ASSETCATALOG_COMPILER_GLOBAL_ACCENT_COLOR_NAME = AccentColor;
				ASSETCATALOG_COMPILER_INCLUDE_ALL_APPICON_ASSETS = YES;
				CODE_SIGN_ENTITLEMENTS = MovieInfoEdit/MovieInfoEdit.entitlements;
				CODE_SIGN_INJECT_BASE_ENTITLEMENTS = NO;
				CODE_SIGN_STYLE = Automatic;
				COMBINE_HIDPI_IMAGES = YES;
				CURRENT_PROJECT_VERSION = 7;
				DEVELOPMENT_TEAM = L3B55KYTVT;
				ENABLE_APP_SANDBOX = YES;
				ENABLE_FILE_ACCESS_DOWNLOADS_FOLDER = readwrite;
				ENABLE_FILE_ACCESS_MOVIES_FOLDER = readwrite;
				ENABLE_FILE_ACCESS_MUSIC_FOLDER = readwrite;
				ENABLE_FILE_ACCESS_PICTURE_FOLDER = readwrite;
				ENABLE_HARDENED_RUNTIME = YES;
				ENABLE_INCOMING_NETWORK_CONNECTIONS = NO;
				ENABLE_OUTGOING_NETWORK_CONNECTIONS = NO;
				ENABLE_PREVIEWS = YES;
				ENABLE_RESOURCE_ACCESS_AUDIO_INPUT = NO;
				ENABLE_RESOURCE_ACCESS_BLUETOOTH = NO;
				ENABLE_RESOURCE_ACCESS_CALENDARS = NO;
				ENABLE_RESOURCE_ACCESS_CAMERA = NO;
				ENABLE_RESOURCE_ACCESS_CONTACTS = NO;
				ENABLE_RESOURCE_ACCESS_LOCATION = NO;
				ENABLE_RESOURCE_ACCESS_PRINTING = NO;
				ENABLE_RESOURCE_ACCESS_USB = NO;
				ENABLE_USER_SELECTED_FILES = readwrite;
				GENERATE_INFOPLIST_FILE = YES;
				INFOPLIST_FILE = MovieInfoEdit/Info.plist;
				INFOPLIST_KEY_CFBundleDisplayName = MovieInfoEdit;
				INFOPLIST_KEY_LSApplicationCategoryType = "public.app-category.video";
				INFOPLIST_KEY_NSHumanReadableCopyright = "";
				LD_RUNPATH_SEARCH_PATHS = (
					"$(inherited)",
					"@executable_path/../Frameworks",
				);
				MACOSX_DEPLOYMENT_TARGET = 26.0;
				MARKETING_VERSION = 1.0;
				PRODUCT_BUNDLE_IDENTIFIER = "August-K.MovieInfoEdit";
				PRODUCT_NAME = "$(TARGET_NAME)";
				REGISTER_APP_GROUPS = YES;
				STRING_CATALOG_GENERATE_SYMBOLS = YES;
				SWIFT_APPROACHABLE_CONCURRENCY = YES;
				SWIFT_DEFAULT_ACTOR_ISOLATION = MainActor;
				SWIFT_EMIT_LOC_STRINGS = YES;
				SWIFT_UPCOMING_FEATURE_MEMBER_IMPORT_VISIBILITY = YES;
				SWIFT_VERSION = 6.0;
			};
			name = Release;
		};
		A27000000000000000000010 /* Debug */ = {
			isa = XCBuildConfiguration;
			buildSettings = {
				APPLICATION_EXTENSION_API_ONLY = YES;
				CODE_SIGN_ENTITLEMENTS = NFOQuickLook/NFOQuickLook.entitlements;
				CODE_SIGN_INJECT_BASE_ENTITLEMENTS = YES;
				CODE_SIGN_STYLE = Automatic;
				CURRENT_PROJECT_VERSION = 7;
				DEVELOPMENT_TEAM = L3B55KYTVT;
				ENABLE_APP_SANDBOX = YES;
				ENABLE_HARDENED_RUNTIME = YES;
				GENERATE_INFOPLIST_FILE = YES;
				INFOPLIST_FILE = NFOQuickLook/Info.plist;
				LD_RUNPATH_SEARCH_PATHS = (
					"$(inherited)",
					"@executable_path/../Frameworks",
					"@executable_path/../../../../Frameworks",
				);
				MACOSX_DEPLOYMENT_TARGET = 26.0;
				MARKETING_VERSION = 1.0;
				PRODUCT_BUNDLE_IDENTIFIER = "August-K.MovieInfoEdit.NFOQuickLook";
				PRODUCT_NAME = "$(TARGET_NAME)";
				SKIP_INSTALL = YES;
				SWIFT_DEFAULT_ACTOR_ISOLATION = MainActor;
				SWIFT_VERSION = 6.0;
			};
			name = Debug;
		};
		A27000000000000000000011 /* Release */ = {
			isa = XCBuildConfiguration;
			buildSettings = {
				APPLICATION_EXTENSION_API_ONLY = YES;
				CODE_SIGN_ENTITLEMENTS = NFOQuickLook/NFOQuickLook.entitlements;
				CODE_SIGN_INJECT_BASE_ENTITLEMENTS = NO;
				CODE_SIGN_STYLE = Automatic;
				CURRENT_PROJECT_VERSION = 7;
				DEVELOPMENT_TEAM = L3B55KYTVT;
				ENABLE_APP_SANDBOX = YES;
				ENABLE_HARDENED_RUNTIME = YES;
				GENERATE_INFOPLIST_FILE = YES;
				INFOPLIST_FILE = NFOQuickLook/Info.plist;
				LD_RUNPATH_SEARCH_PATHS = (
					"$(inherited)",
					"@executable_path/../Frameworks",
					"@executable_path/../../../../Frameworks",
				);
				MACOSX_DEPLOYMENT_TARGET = 26.0;
				MARKETING_VERSION = 1.0;
				PRODUCT_BUNDLE_IDENTIFIER = "August-K.MovieInfoEdit.NFOQuickLook";
				PRODUCT_NAME = "$(TARGET_NAME)";
				SKIP_INSTALL = YES;
				SWIFT_DEFAULT_ACTOR_ISOLATION = MainActor;
				SWIFT_VERSION = 6.0;
			};
			name = Release;
		};
/* End XCBuildConfiguration section */

/* Begin XCConfigurationList section */
		97941EFD2F8BF9B900BA1496 /* Build configuration list for PBXProject "MovieInfoEdit" */ = {
			isa = XCConfigurationList;
			buildConfigurations = (
				97941F0B2F8BF9BA00BA1496 /* Debug */,
				97941F0C2F8BF9BA00BA1496 /* Release */,
			);
			defaultConfigurationIsVisible = 0;
			defaultConfigurationName = Release;
		};
		97941F0D2F8BF9BA00BA1496 /* Build configuration list for PBXNativeTarget "MovieInfoEdit" */ = {
			isa = XCConfigurationList;
			buildConfigurations = (
				97941F0E2F8BF9BA00BA1496 /* Debug */,
				97941F0F2F8BF9BA00BA1496 /* Release */,
			);
			defaultConfigurationIsVisible = 0;
			defaultConfigurationName = Release;
		};
		A2700000000000000000000F /* Build configuration list for PBXNativeTarget "NFOQuickLook" */ = {
			isa = XCConfigurationList;
			buildConfigurations = (
				A27000000000000000000010 /* Debug */,
				A27000000000000000000011 /* Release */,
			);
			defaultConfigurationIsVisible = 0;
			defaultConfigurationName = Release;
		};
/* End XCConfigurationList section */
	};
	rootObject = 97941EFA2F8BF9B900BA1496 /* Project object */;
}
